
Microsoft Visual Studio Solution File, Format Version 10.00
# Visual Studio 2008
Project("{FAE04EC0-301F-11D3-BF4B-00C04F79EFBC}") = "DataTableDemo", "DataTableDemo.csproj", "{2546F053-C140-4A74-A71F-A23FC88FDD90}"
EndProject
Global
	GlobalSection(SourceCodeControl) = preSolution
		SccNumberOfProjects = 1
		SccProjectUniqueName0 = DataTableDemo.csproj
		SccProjectName0 = /SynPSG/VSExamples/DataTableDemo?PVCS\u0020Version\u0020Manager?S:\\PSG??
		SccLocalPath0 = .
		SccProvider0 = MSSCCI:ChangeMan\u0020Version\u0020Manager
	EndGlobalSection
	GlobalSection(SolutionConfigurationPlatforms) = preSolution
		Debug|Any CPU = Debug|Any CPU
		Release|Any CPU = Release|Any CPU
	EndGlobalSection
	GlobalSection(ProjectConfigurationPlatforms) = postSolution
		{2546F053-C140-4A74-A71F-A23FC88FDD90}.Debug|Any CPU.ActiveCfg = Debug|Any CPU
		{2546F053-C140-4A74-A71F-A23FC88FDD90}.Debug|Any CPU.Build.0 = Debug|Any CPU
		{2546F053-C140-4A74-A71F-A23FC88FDD90}.Release|Any CPU.ActiveCfg = Release|Any CPU
		{2546F053-C140-4A74-A71F-A23FC88FDD90}.Release|Any CPU.Build.0 = Release|Any CPU
	EndGlobalSection
	GlobalSection(SolutionProperties) = preSolution
		HideSolutionNode = FALSE
	EndGlobalSection
EndGlobal
